// !$*UTF8*$!
{
	archiveVersion = 1;
	classes = {
	};
	objectVersion = 46;
	objects = {

/* Begin PBXBuildFile section */
		596E765A1D7A758300A3260B /* main.m in Sources */ = {isa = PBXBuildFile; fileRef = 596E76591D7A758300A3260B /* main.m */; };
		596E765D1D7A758300A3260B /* AppDelegate.m in Sources */ = {isa = PBXBuildFile; fileRef = 596E765C1D7A758300A3260B /* AppDelegate.m */; };
		596E76601D7A758300A3260B /* ViewController.m in Sources */ = {isa = PBXBuildFile; fileRef = 596E765F1D7A758300A3260B /* ViewController.m */; };
		596E76631D7A758300A3260B /* Main.storyboard in Resources */ = {isa = PBXBuildFile; fileRef = 596E76611D7A758300A3260B /* Main.storyboard */; };
		596E76651D7A758300A3260B /* Assets.xcassets in Resources */ = {isa = PBXBuildFile; fileRef = 596E76641D7A758300A3260B /* Assets.xcassets */; };
		596E76681D7A758300A3260B /* LaunchScreen.storyboard in Resources */ = {isa = PBXBuildFile; fileRef = 596E76661D7A758300A3260B /* LaunchScreen.storyboard */; };
		596E76731D7A758300A3260B /* FlappyBirdTests.m in Sources */ = {isa = PBXBuildFile; fileRef = 596E76721D7A758300A3260B /* FlappyBirdTests.m */; };
		596E767E1D7A758300A3260B /* FlappyBirdUITests.m in Sources */ = {isa = PBXBuildFile; fileRef = 596E767D1D7A758300A3260B /* FlappyBirdUITests.m */; };
/* End PBXBuildFile section */

/* Begin PBXContainerItemProxy section */
		596E766F1D7A758300A3260B /* PBXContainerItemProxy */ = {
			isa = PBXContainerItemProxy;
			containerPortal = 596E764D1D7A758300A3260B /* Project object */;
			proxyType = 1;
			remoteGlobalIDString = 596E76541D7A758300A3260B;
			remoteInfo = FlappyBird;
		};
		596E767A1D7A758300A3260B /* PBXContainerItemProxy */ = {
			isa = PBXContainerItemProxy;
			containerPortal = 596E764D1D7A758300A3260B /* Project object */;
			proxyType = 1;
			remoteGlobalIDString = 596E76541D7A758300A3260B;
			remoteInfo = FlappyBird;
		};
/* End PBXContainerItemProxy section */

/* Begin PBXFileReference section */
		596E76551D7A758300A3260B /* FlappyBird.app */ = {isa = PBXFileReference; explicitFileType = wrapper.application; includeInIndex = 0; path = FlappyBird.app; sourceTree = BUILT_PRODUCTS_DIR; };
		596E76591D7A758300A3260B /* main.m */ = {isa = PBXFileReference; lastKnownFileType = sourcecode.c.objc; path = main.m; sourceTree = "<group>"; };
		596E765B1D7A758300A3260B /* AppDelegate.h */ = {isa = PBXFileReference; lastKnownFileType = sourcecode.c.h; path = AppDelegate.h; sourceTree = "<group>"; };
		596E765C1D7A758300A3260B /* AppDelegate.m */ = {isa = PBXFileReference; lastKnownFileType = sourcecode.c.objc; path = AppDelegate.m; sourceTree = "<group>"; };
		596E765E1D7A758300A3260B /* ViewController.h */ = {isa = PBXFileReference; lastKnownFileType = sourcecode.c.h; path = ViewController.h; sourceTree = "<group>"; };
		596E765F1D7A758300A3260B /* ViewController.m */ = {isa = PBXFileReference; lastKnownFileType = sourcecode.c.objc; path = ViewController.m; sourceTree = "<group>"; };
		596E76621D7A758300A3260B /* Base */ = {isa = PBXFileReference; lastKnownFileType = file.storyboard; name = Base; path = Base.lproj/Main.storyboard; sourceTree = "<group>"; };
		596E76641D7A758300A3260B /* Assets.xcassets */ = {isa = PBXFileReference; lastKnownFileType = folder.assetcatalog; path = Assets.xcassets; sourceTree = "<group>"; };
		596E76671D7A758300A3260B /* Base */ = {isa = PBXFileReference; lastKnownFileType = file.storyboard; name = Base; path = Base.lproj/LaunchScreen.storyboard; sourceTree = "<group>"; };
		596E76691D7A758300A3260B /* Info.plist */ = {isa = PBXFileReference; lastKnownFileType = text.plist.xml; path = Info.plist; sourceTree = "<group>"; };
		596E766E1D7A758300A3260B /* FlappyBirdTests.xctest */ = {isa = PBXFileReference; explicitFileType = wrapper.cfbundle; includeInIndex = 0; path = FlappyBirdTests.xctest; sourceTree = BUILT_PRODUCTS_DIR; };
		596E76721D7A758300A3260B /* FlappyBirdTests.m */ = {isa = PBXFileReference; lastKnownFileType = sourcecode.c.objc; path = FlappyBirdTests.m; sourceTree = "<group>"; };
		596E76741D7A758300A3260B /* Info.plist */ = {isa = PBXFileReference; lastKnownFileType = text.plist.xml; path = Info.plist; sourceTree = "<group>"; };
		596E76791D7A758300A3260B /* FlappyBirdUITests.xctest */ = {isa = PBXFileReference; explicitFileType = wrapper.cfbundle; includeInIndex = 0; path = FlappyBirdUITests.xctest; sourceTree = BUILT_PRODUCTS_DIR; };
		596E767D1D7A758300A3260B /* FlappyBirdUITests.m */ = {isa = PBXFileReference; lastKnownFileType = sourcecode.c.objc; path = FlappyBirdUITests.m; sourceTree = "<group>"; };
		596E767F1D7A758300A3260B /* Info.plist */ = {isa = PBXFileReference; lastKnownFileType = text.plist.xml; path = Info.plist; sourceTree = "<group>"; };
/* End PBXFileReference section */

/* Begin PBXFrameworksBuildPhase section */
		596E76521D7A758300A3260B /* Frameworks */ = {
			isa = PBXFrameworksBuildPhase;
			buildActionMask = 2147483647;
			files = (
			);
			runOnlyForDeploymentPostprocessing = 0;
		};
		596E766B1D7A758300A3260B /* Frameworks */ = {
			isa = PBXFrameworksBuildPhase;
			buildActionMask = 2147483647;
			files = (
			);
			runOnlyForDeploymentPostprocessing = 0;
		};
		596E76761D7A758300A3260B /* Frameworks */ = {
			isa = PBXFrameworksBuildPhase;
			buildActionMask = 2147483647;
			files = (
			);
			runOnlyForDeploymentPostprocessing = 0;
		};
/* End PBXFrameworksBuildPhase section */

/* Begin PBXGroup section */
		596E764C1D7A758300A3260B = {
			isa = PBXGroup;
			children = (
				596E76571D7A758300A3260B /* FlappyBird */,
				596E76711D7A758300A3260B /* FlappyBirdTests */,
				596E767C1D7A758300A3260B /* FlappyBirdUITests */,
				596E76561D7A758300A3260B /* Products */,
			);
			sourceTree = "<group>";
		};
		596E76561D7A758300A3260B /* Products */ = {
			isa = PBXGroup;
			children = (
				596E76551D7A758300A3260B /* FlappyBird.app */,
				596E766E1D7A758300A3260B /* FlappyBirdTests.xctest */,
				596E76791D7A758300A3260B /* FlappyBirdUITests.xctest */,
			);
			name = Products;
			sourceTree = "<group>";
		};
		596E76571D7A758300A3260B /* FlappyBird */ = {
			isa = PBXGroup;
			children = (
				596E765B1D7A758300A3260B /* AppDelegate.h */,
				596E765C1D7A758300A3260B /* AppDelegate.m */,
				596E765E1D7A758300A3260B /* ViewController.h */,
				596E765F1D7A758300A3260B /* ViewController.m */,
				596E76611D7A758300A3260B /* Main.storyboard */,
				596E76641D7A758300A3260B /* Assets.xcassets */,
				596E76661D7A758300A3260B /* LaunchScreen.storyboard */,
				596E76691D7A758300A3260B /* Info.plist */,
				596E76581D7A758300A3260B /* Supporting Files */,
			);
			path = FlappyBird;
			sourceTree = "<group>";
		};
		596E76581D7A758300A3260B /* Supporting Files */ = {
			isa = PBXGroup;
			children = (
				596E76591D7A758300A3260B /* main.m */,
			);
			name = "Supporting Files";
			sourceTree = "<group>";
		};
		596E76711D7A758300A3260B /* FlappyBirdTests */ = {
			isa = PBXGroup;
			children = (
				596E76721D7A758300A3260B /* FlappyBirdTests.m */,
				596E76741D7A758300A3260B /* Info.plist */,
			);
			path = FlappyBirdTests;
			sourceTree = "<group>";
		};
		596E767C1D7A758300A3260B /* FlappyBirdUITests */ = {
			isa = PBXGroup;
			children = (
				596E767D1D7A758300A3260B /* FlappyBirdUITests.m */,
				596E767F1D7A758300A3260B /* Info.plist */,
			);
			path = FlappyBirdUITests;
			sourceTree = "<group>";
		};
/* End PBXGroup section */

/* Begin PBXNativeTarget section */
		596E76541D7A758300A3260B /* FlappyBird */ = {
			isa = PBXNativeTarget;
			buildConfigurationList = 596E76821D7A758300A3260B /* Build configuration list for PBXNativeTarget "FlappyBird" */;
			buildPhases = (
				596E76511D7A758300A3260B /* Sources */,
				596E76521D7A758300A3260B /* Frameworks */,
				596E76531D7A758300A3260B /* Resources */,
			);
			buildRules = (
			);
			dependencies = (
			);
			name = FlappyBird;
			productName = FlappyBird;
			productReference = 596E76551D7A758300A3260B /* FlappyBird.app */;
			productType = "com.apple.product-type.application";
		};
		596E766D1D7A758300A3260B /* FlappyBirdTests */ = {
			isa = PBXNativeTarget;
			buildConfigurationList = 596E76851D7A758300A3260B /* Build configuration list for PBXNativeTarget "FlappyBirdTests" */;
			buildPhases = (
				596E766A1D7A758300A3260B /* Sources */,
				596E766B1D7A758300A3260B /* Frameworks */,
				596E766C1D7A758300A3260B /* Resources */,
			);
			buildRules = (
			);
			dependencies = (
				596E76701D7A758300A3260B /* PBXTargetDependency */,
			);
			name = FlappyBirdTests;
			productName = FlappyBirdTests;
			productReference = 596E766E1D7A758300A3260B /* FlappyBirdTests.xctest */;
			productType = "com.apple.product-type.bundle.unit-test";
		};
		596E76781D7A758300A3260B /* FlappyBirdUITests */ = {
			isa = PBXNativeTarget;
			buildConfigurationList = 596E76881D7A758300A3260B /* Build configuration list for PBXNativeTarget "FlappyBirdUITests" */;
			buildPhases = (
				596E76751D7A758300A3260B /* Sources */,
				596E76761D7A758300A3260B /* Frameworks */,
				596E76771D7A758300A3260B /* Resources */,
			);
			buildRules = (
			);
			dependencies = (
				596E767B1D7A758300A3260B /* PBXTargetDependency */,
			);
			name = FlappyBirdUITests;
			productName = FlappyBirdUITests;
			productReference = 596E76791D7A758300A3260B /* FlappyBirdUITests.xctest */;
			productType = "com.apple.product-type.bundle.ui-testing";
		};
/* End PBXNativeTarget section */

/* Begin PBXProject section */
		596E764D1D7A758300A3260B /* Project object */ = {
			isa = PBXProject;
			attributes = {
				LastUpgradeCheck = 0700;
				ORGANIZATIONNAME = IconTech;
				TargetAttributes = {
					596E76541D7A758300A3260B = {
						CreatedOnToolsVersion = 7.0.1;
					};
					596E766D1D7A758300A3260B = {
						CreatedOnToolsVersion = 7.0.1;
						TestTargetID = 596E76541D7A758300A3260B;
					};
					596E76781D7A758300A3260B = {
						CreatedOnToolsVersion = 7.0.1;
						TestTargetID = 596E76541D7A758300A3260B;
					};
				};
			};
			buildConfigurationList = 596E76501D7A758300A3260B /* Build configuration list for PBXProject "FlappyBird" */;
			compatibilityVersion = "Xcode 3.2";
			developmentRegion = English;
			hasScannedForEncodings = 0;
			knownRegions = (
				en,
				Base,
			);
			mainGroup = 596E764C1D7A758300A3260B;
			productRefGroup = 596E76561D7A758300A3260B /* Products */;
			projectDirPath = "";
			projectRoot = "";
			targets = (
				596E76541D7A758300A3260B /* FlappyBird */,
				596E766D1D7A758300A3260B /* FlappyBirdTests */,
				596E76781D7A758300A3260B /* FlappyBirdUITests */,
			);
		};
/* End PBXProject section */

/* Begin PBXResourcesBuildPhase section */
		596E76531D7A758300A3260B /* Resources */ = {
			isa = PBXResourcesBuildPhase;
			buildActionMask = 2147483647;
			files = (
				596E76681D7A758300A3260B /* LaunchScreen.storyboard in Resources */,
				596E76651D7A758300A3260B /* Assets.xcassets in Resources */,
				596E76631D7A758300A3260B /* Main.storyboard in Resources */,
			);
			runOnlyForDeploymentPostprocessing = 0;
		};
		596E766C1D7A758300A3260B /* Resources */ = {
			isa = PBXResourcesBuildPhase;
			buildActionMask = 2147483647;
			files = (
			);
			runOnlyForDeploymentPostprocessing = 0;
		};
		596E76771D7A758300A3260B /* Resources */ = {
			isa = PBXResourcesBuildPhase;
			buildActionMask = 2147483647;
			files = (
			);
			runOnlyForDeploymentPostprocessing = 0;
		};
/* End PBXResourcesBuildPhase section */

/* Begin PBXSourcesBuildPhase section */
		596E76511D7A758300A3260B /* Sources */ = {
			isa = PBXSourcesBuildPhase;
			buildActionMask = 2147483647;
			files = (
				596E76601D7A758300A3260B /* ViewController.m in Sources */,
				596E765D1D7A758300A3260B /* AppDelegate.m in Sources */,
				596E765A1D7A758300A3260B /* main.m in Sources */,
			);
			runOnlyForDeploymentPostprocessing = 0;
		};
		596E766A1D7A758300A3260B /* Sources */ = {
			isa = PBXSourcesBuildPhase;
			buildActionMask = 2147483647;
			files = (
				596E76731D7A758300A3260B /* FlappyBirdTests.m in Sources */,
			);
			runOnlyForDeploymentPostprocessing = 0;
		};
		596E76751D7A758300A3260B /* Sources */ = {
			isa = PBXSourcesBuildPhase;
			buildActionMask = 2147483647;
			files = (
				596E767E1D7A758300A3260B /* FlappyBirdUITests.m in Sources */,
			);
			runOnlyForDeploymentPostprocessing = 0;
		};
/* End PBXSourcesBuildPhase section */

/* Begin PBXTargetDependency section */
		596E76701D7A758300A3260B /* PBXTargetDependency */ = {
			isa = PBXTargetDependency;
			target = 596E76541D7A758300A3260B /* FlappyBird */;
			targetProxy = 596E766F1D7A758300A3260B /* PBXContainerItemProxy */;
		};
		596E767B1D7A758300A3260B /* PBXTargetDependency */ = {
			isa = PBXTargetDependency;
			target = 596E76541D7A758300A3260B /* FlappyBird */;
			targetProxy = 596E767A1D7A758300A3260B /* PBXContainerItemProxy */;
		};
/* End PBXTargetDependency section */

/* Begin PBXVariantGroup section */
		596E76611D7A758300A3260B /* Main.storyboard */ = {
			isa = PBXVariantGroup;
			children = (
				596E76621D7A758300A3260B /* Base */,
			);
			name = Main.storyboard;
			sourceTree = "<group>";
		};
		596E76661D7A758300A3260B /* LaunchScreen.storyboard */ = {
			isa = PBXVariantGroup;
			children = (
				596E76671D7A758300A3260B /* Base */,
			);
			name = LaunchScreen.storyboard;
			sourceTree = "<group>";
		};
/* End PBXVariantGroup section */

/* Begin XCBuildConfiguration section */
		596E76801D7A758300A3260B /* Debug */ = {
			isa = XCBuildConfiguration;
			buildSettings = {
				ALWAYS_SEARCH_USER_PATHS = NO;
				CLANG_CXX_LANGUAGE_STANDARD = "gnu++0x";
				CLANG_CXX_LIBRARY = "libc++";
				CLANG_ENABLE_MODULES = YES;
				CLANG_ENABLE_OBJC_ARC = YES;
				CLANG_WARN_BOOL_CONVERSION = YES;
				CLANG_WARN_CONSTANT_CONVERSION = YES;
				CLANG_WARN_DIRECT_OBJC_ISA_USAGE = YES_ERROR;
				CLANG_WARN_EMPTY_BODY = YES;
				CLANG_WARN_ENUM_CONVERSION = YES;
				CLANG_WARN_INT_CONVERSION = YES;
				CLANG_WARN_OBJC_ROOT_CLASS = YES_ERROR;
				CLANG_WARN_UNREACHABLE_CODE = YES;
				CLANG_WARN__DUPLICATE_METHOD_MATCH = YES;
				"CODE_SIGN_IDENTITY[sdk=iphoneos*]" = "iPhone Developer";
				COPY_PHASE_STRIP = NO;
				DEBUG_INFORMATION_FORMAT = dwarf;
				ENABLE_STRICT_OBJC_MSGSEND = YES;
				ENABLE_TESTABILITY = YES;
				GCC_C_LANGUAGE_STANDARD = gnu99;
				GCC_DYNAMIC_NO_PIC = NO;
				GCC_NO_COMMON_BLOCKS = YES;
				GCC_OPTIMIZATION_LEVEL = 0;
				GCC_PREPROCESSOR_DEFINITIONS = (
					"DEBUG=1",
					"$(inherited)",
				);
				GCC_WARN_64_TO_32_BIT_CONVERSION = YES;
				GCC_WARN_ABOUT_RETURN_TYPE = YES_ERROR;
				GCC_WARN_UNDECLARED_SELECTOR = YES;
				GCC_WARN_UNINITIALIZED_AUTOS = YES_AGGRESSIVE;
				GCC_WARN_UNUSED_FUNCTION = YES;
				GCC_WARN_UNUSED_VARIABLE = YES;
				IPHONEOS_DEPLOYMENT_TARGET = 9.0;
				MTL_ENABLE_DEBUG_INFO = YES;
				ONLY_ACTIVE_ARCH = YES;
				SDKROOT = iphoneos;
				TARGETED_DEVICE_FAMILY = "1,2";
			};
			name = Debug;
		};
		596E76811D7A758300A3260B /* Release */ = {
			isa = XCBuildConfiguration;
			buildSettings = {
				ALWAYS_SEARCH_USER_PATHS = NO;
				CLANG_CXX_LANGUAGE_STANDARD = "gnu++0x";
				CLANG_CXX_LIBRARY = "libc++";
				CLANG_ENABLE_MODULES = YES;
				CLANG_ENABLE_OBJC_ARC = YES;
				CLANG_WARN_BOOL_CONVERSION = YES;
				CLANG_WARN_CONSTANT_CONVERSION = YES;
				CLANG_WARN_DIRECT_OBJC_ISA_USAGE = YES_ERROR;
				CLANG_WARN_EMPTY_BODY = YES;
				CLANG_WARN_ENUM_CONVERSION = YES;
				CLANG_WARN_INT_CONVERSION = YES;
				CLANG_WARN_OBJC_ROOT_CLASS = YES_ERROR;
				CLANG_WARN_UNREACHABLE_CODE = YES;
				CLANG_WARN__DUPLICATE_METHOD_MATCH = YES;
				"CODE_SIGN_IDENTITY[sdk=iphoneos*]" = "iPhone Developer";
				COPY_PHASE_STRIP = NO;
				DEBUG_INFORMATION_FORMAT = "dwarf-with-dsym";
				ENABLE_NS_ASSERTIONS = NO;
				ENABLE_STRICT_OBJC_MSGSEND = YES;
				GCC_C_LANGUAGE_STANDARD = gnu99;
				GCC_NO_COMMON_BLOCKS = YES;
				GCC_WARN_64_TO_32_BIT_CONVERSION = YES;
				GCC_WARN_ABOUT_RETURN_TYPE = YES_ERROR;
				GCC_WARN_UNDECLARED_SELECTOR = YES;
				GCC_WARN_UNINITIALIZED_AUTOS = YES_AGGRESSIVE;
				GCC_WARN_UNUSED_FUNCTION = YES;
				GCC_WARN_UNUSED_VARIABLE = YES;
				IPHONEOS_DEPLOYMENT_TARGET = 9.0;
				MTL_ENABLE_DEBUG_INFO = NO;
				SDKROOT = iphoneos;
				TARGETED_DEVICE_FAMILY = "1,2";
				VALIDATE_PRODUCT = YES;
			};
			name = Release;
		};
		596E76831D7A758300A3260B /* Debug */ = {
			isa = XCBuildConfiguration;
			buildSettings = {
				ASSETCATALOG_COMPILER_APPICON_NAME = AppIcon;
				INFOPLIST_FILE = FlappyBird/Info.plist;
				LD_RUNPATH_SEARCH_PATHS = "$(inherited) @executable_path/Frameworks";
				PRODUCT_BUNDLE_IDENTIFIER = IconTechINC.FlappyBird;
				PRODUCT_NAME = "$(TARGET_NAME)";
			};
			name = Debug;
		};
		596E76841D7A758300A3260B /* Release */ = {
			isa = XCBuildConfiguration;
			buildSettings = {
				ASSETCATALOG_COMPILER_APPICON_NAME = AppIcon;
				INFOPLIST_FILE = FlappyBird/Info.plist;
				LD_RUNPATH_SEARCH_PATHS = "$(inherited) @executable_path/Frameworks";
				PRODUCT_BUNDLE_IDENTIFIER = IconTechINC.FlappyBird;
				PRODUCT_NAME = "$(TARGET_NAME)";
			};
			name = Release;
		};
		596E76861D7A758300A3260B /* Debug */ = {
			isa = XCBuildConfiguration;
			buildSettings = {
				BUNDLE_LOADER = "$(TEST_HOST)";
				INFOPLIST_FILE = FlappyBirdTests/Info.plist;
				LD_RUNPATH_SEARCH_PATHS = "$(inherited) @executable_path/Frameworks @loader_path/Frameworks";
				PRODUCT_BUNDLE_IDENTIFIER = IconTechINC.FlappyBirdTests;
				PRODUCT_NAME = "$(TARGET_NAME)";
				TEST_HOST = "$(BUILT_PRODUCTS_DIR)/FlappyBird.app/FlappyBird";
			};
			name = Debug;
		};
		596E76871D7A758300A3260B /* Release */ = {
			isa = XCBuildConfiguration;
			buildSettings = {
				BUNDLE_LOADER = "$(TEST_HOST)";
				INFOPLIST_FILE = FlappyBirdTests/Info.plist;
				LD_RUNPATH_SEARCH_PATHS = "$(inherited) @executable_path/Frameworks @loader_path/Frameworks";
				PRODUCT_BUNDLE_IDENTIFIER = IconTechINC.FlappyBirdTests;
				PRODUCT_NAME = "$(TARGET_NAME)";
				TEST_HOST = "$(BUILT_PRODUCTS_DIR)/FlappyBird.app/FlappyBird";
			};
			name = Release;
		};
		596E76891D7A758300A3260B /* Debug */ = {
			isa = XCBuildConfiguration;
			buildSettings = {
				INFOPLIST_FILE = FlappyBirdUITests/Info.plist;
				LD_RUNPATH_SEARCH_PATHS = "$(inherited) @executable_path/Frameworks @loader_path/Frameworks";
				PRODUCT_BUNDLE_IDENTIFIER = IconTechINC.FlappyBirdUITests;
				PRODUCT_NAME = "$(TARGET_NAME)";
				TEST_TARGET_NAME = FlappyBird;
				USES_XCTRUNNER = YES;
			};
			name = Debug;
		};
		596E768A1D7A758300A3260B /* Release */ = {
			isa = XCBuildConfiguration;
			buildSettings = {
				INFOPLIST_FILE = FlappyBirdUITests/Info.plist;
				LD_RUNPATH_SEARCH_PATHS = "$(inherited) @executable_path/Frameworks @loader_path/Frameworks";
				PRODUCT_BUNDLE_IDENTIFIER = IconTechINC.FlappyBirdUITests;
				PRODUCT_NAME = "$(TARGET_NAME)";
				TEST_TARGET_NAME = FlappyBird;
				USES_XCTRUNNER = YES;
			};
			name = Release;
		};
/* End XCBuildConfiguration section */

/* Begin XCConfigurationList section */
		596E76501D7A758300A3260B /* Build configuration list for PBXProject "FlappyBird" */ = {
			isa = XCConfigurationList;
			buildConfigurations = (
				596E76801D7A758300A3260B /* Debug */,
				596E76811D7A758300A3260B /* Release */,
			);
			defaultConfigurationIsVisible = 0;
			defaultConfigurationName = Release;
		};
		596E76821D7A758300A3260B /* Build configuration list for PBXNativeTarget "FlappyBird" */ = {
			isa = XCConfigurationList;
			buildConfigurations = (
				596E76831D7A758300A3260B /* Debug */,
				596E76841D7A758300A3260B /* Release */,
			);
			defaultConfigurationIsVisible = 0;
		};
		596E76851D7A758300A3260B /* Build configuration list for PBXNativeTarget "FlappyBirdTests" */ = {
			isa = XCConfigurationList;
			buildConfigurations = (
				596E76861D7A758300A3260B /* Debug */,
				596E76871D7A758300A3260B /* Release */,
			);
			defaultConfigurationIsVisible = 0;
		};
		596E76881D7A758300A3260B /* Build configuration list for PBXNativeTarget "FlappyBirdUITests" */ = {
			isa = XCConfigurationList;
			buildConfigurations = (
				596E76891D7A758300A3260B /* Debug */,
				596E768A1D7A758300A3260B /* Release */,
			);
			defaultConfigurationIsVisible = 0;
		};
/* End XCConfigurationList section */
	};
	rootObject = 596E764D1D7A758300A3260B /* Project object */;
}
